
Microsoft Visual Studio Solution File, Format Version 12.00
# Visual Studio Version 16
VisualStudioVersion = 16.0.33529.622
MinimumVisualStudioVersion = 10.0.40219.1
Project("{FAE04EC0-301F-11D3-BF4B-00C04F79EFBC}") = "BonusProje1", "BonusProje1.csproj", "{856A3332-F610-4C1B-864A-4E11F496C7B6}"
EndProject
Global
	GlobalSection(SolutionConfigurationPlatforms) = preSolution
		Debug|Any CPU = Debug|Any CPU
		Release|Any CPU = Release|Any CPU
	EndGlobalSection
	GlobalSection(ProjectConfigurationPlatforms) = postSolution
		{856A3332-F610-4C1B-864A-4E11F496C7B6}.Debug|Any CPU.ActiveCfg = Debug|Any CPU
		{856A3332-F610-4C1B-864A-4E11F496C7B6}.Debug|Any CPU.Build.0 = Debug|Any CPU
		{856A3332-F610-4C1B-864A-4E11F496C7B6}.Release|Any CPU.ActiveCfg = Release|Any CPU
		{856A3332-F610-4C1B-864A-4E11F496C7B6}.Release|Any CPU.Build.0 = Release|Any CPU
	EndGlobalSection
	GlobalSection(SolutionProperties) = preSolution
		HideSolutionNode = FALSE
	EndGlobalSection
	GlobalSection(ExtensibilityGlobals) = postSolution
		SolutionGuid = {F876F6B1-EC05-4BF0-B74F-FF377CBF3104}
	EndGlobalSection
EndGlobal
